# This file is automatically @generated by Poetry 1.4.2 and should not be changed by hand.

[[package]]
name = "liba"
version = "0.1.0"
description = ""
category = "main"
optional = false
python-versions = "^3.10"
files = []
develop = false

[package.dependencies]
libutil = {git = "https://github.com/PakitoSec/LibUtil.git"}

[package.source]
type = "git"
url = "https://github.com/PakitoSec/LibA.git"
reference = "HEAD"
resolved_reference = "b3a672482b8f9266579c33498f9e1e4a5e10475e"

[[package]]
name = "libutil"
version = "0.1.0"
description = ""
category = "main"
optional = false
python-versions = "^3.10"
files = []
develop = false

[package.source]
type = "git"
url = "https://github.com/PakitoSec/LibUtil.git"
reference = "HEAD"
resolved_reference = "44f3101633c8e614a1ceb5d430ea5036effffb22"

[metadata]
lock-version = "2.0"
python-versions = "^3.10"
content-hash = "da03d0d825d48cb0529c0f07589a0432a751ab8fb21387148ab2f185031e866a"
